# This file is automatically @generated by Poetry 1.7.1 and should not be changed by hand.

[[package]]
name = "pipdeptree"
version = "2.15.1"
description = "Command line utility to show dependency tree of packages."
optional = false
python-versions = ">=3.8"
files = [
    {file = "pipdeptree-2.15.1-py3-none-any.whl", hash = "sha256:0abe6b5b9f86a79ea023a633d7526de14b64b848bbdf980c610d08d679c8329d"},
    {file = "pipdeptree-2.15.1.tar.gz", hash = "sha256:e4ae44fc9d0c747125316981804d7786e9d97bf59c128249b8ea272a7cbdecc4"},
]

[package.extras]
graphviz = ["graphviz (>=0.20.1)"]
test = ["covdefaults (>=2.3)", "diff-cover (>=8.0.1)", "pip (>=23.3.1)", "pytest (>=7.4.3)", "pytest-cov (>=4.1)", "pytest-mock (>=3.12)", "virtualenv (>=20.25,<21)"]

[metadata]
lock-version = "2.0"
python-versions = "^3.11"
content-hash = "26720d322380359e9fd6c6ba34734c14227e17675777e6fcae64100e3e4e76a0"
